# This file is automatically @generated by Cargo.
# It is not intended for manual editing.
version = 4

[[package]]
name = "voxt-client"
version = "0.1.0"
dependencies = [
 "voxt-core",
]

[[package]]
name = "voxt-core"
version = "0.1.0"

[[package]]
name = "voxt-server"
version = "0.1.0"
dependencies = [
 "voxt-world",
]

[[package]]
name = "voxt-world"
version = "0.1.0"
dependencies = [
 "voxt-core",
]
